github.com/google/go-cmp v0.5.8 h1:e6P7q2lk1O+qJJb4BtCQXlK8vWEO8V1ZeuEdJNOqZyg=
github.com/google/go-cmp v0.5.8/go.mod h1:17dUlkBOakJ0+DkrSSNjCkIjxS6bF9zb3elmeNGIjoY=
github.com/mus-format/common-go v0.0.0-20251026152644-9f5ac6728d8a h1:tLF20eBk2jdZHOy3Kyv8Wh3KdhxnIDadmrmXYE7sprc=
github.com/mus-format/common-go v0.0.0-20251026152644-9f5ac6728d8a/go.mod h1:6Dv72knd/gHi0Scn4OEFPQbnl7RrQlQDfUOOkKP/nZc=
github.com/mus-format/mus-stream-go v0.7.2 h1:ShFtTIBEHyPSGcE+ilAPn5xd4O5fp1S/Yi4iPGXiR8s=
github.com/mus-format/mus-stream-go v0.7.2/go.mod h1:H7yLSF9JQvwQW7Je1OJxxMIf5csHoZv52SjE1WwF8MM=
github.com/ymz-ncnk/mok v0.2.1 h1:rx/QVO4W2d3s6g1Q2tVeIndD0Yhc66pVJRB2RHpXWSo=
github.com/ymz-ncnk/mok v0.2.1/go.mod h1:BYggihmf3kEBo7HfDVwDEqZ08gO8og8o5fcd8xuPmu0=
golang.org/x/exp v0.0.0-20230515195305-f3d0a9c9a5cc h1:mCRnTeVUjcrhlRmO0VK8a6k6Rrf6TF9htwo2pJVSjIU=
golang.org/x/exp v0.0.0-20230515195305-f3d0a9c9a5cc/go.mod h1:V1LtkGg67GoY2N1AnLN78QLrzxkLyJw7RJb1gzOOz9w=
google.golang.org/protobuf v1.36.6 h1:z1NpPI8ku2WgiWnf+t9wTPsn6eP1L7ksHUlkfLvd9xY=
google.golang.org/protobuf v1.36.6/go.mod h1:jduwjTPXsFjZGTmRluh+L6NjiWu7pchiJ2/5YcXBHnY=
